name: regenerate-lockfile

on:
  workflow_dispatch:

permissions:
  contents: write

jobs:
  regen-lockfile:
    runs-on: ubuntu-latest

    steps:
      - name: Checkout repository
        uses: actions/checkout@v4
        with:
          token: ${{ secrets.GH_PAT }}

      - name: Install Rust toolchain
        uses: actions-rs/toolchain@v1
        with:
          toolchain: stable
          override: true

      - name: Remove existing Cargo.lock
        run: rm -f Cargo.lock

      - name: Regenerate Cargo.lock
        run: cargo generate-lockfile

      - name: Commit and push Cargo.lock
        uses: stefanzweifel/git-auto-commit-action@v5
        with:
          commit_message: 'ci: regenerate Cargo.lock'
          file_pattern: 'Cargo.lock'
